// !$*UTF8*$!
{
	archiveVersion = 1;
	classes = {
	};
	objectVersion = 50;
	objects = {

/* Begin PBXBuildFile section */
		8015AEF624578DE50046200E /* AppDelegate.swift in Sources */ = {isa = PBXBuildFile; fileRef = 8015AEF524578DE50046200E /* AppDelegate.swift */; };
		8015AEF824578DE50046200E /* SceneDelegate.swift in Sources */ = {isa = PBXBuildFile; fileRef = 8015AEF724578DE50046200E /* SceneDelegate.swift */; };
		8015AEFA24578DE50046200E /* ContentView.swift in Sources */ = {isa = PBXBuildFile; fileRef = 8015AEF924578DE50046200E /* ContentView.swift */; };
		8015AEFC24578DE70046200E /* Assets.xcassets in Resources */ = {isa = PBXBuildFile; fileRef = 8015AEFB24578DE70046200E /* Assets.xcassets */; };
		8015AEFF24578DE70046200E /* Preview Assets.xcassets in Resources */ = {isa = PBXBuildFile; fileRef = 8015AEFE24578DE70046200E /* Preview Assets.xcassets */; };
		8015AF0224578DE70046200E /* LaunchScreen.storyboard in Resources */ = {isa = PBXBuildFile; fileRef = 8015AF0024578DE70046200E /* LaunchScreen.storyboard */; };
		801D6F23245A1B8000A6AE33 /* Montserrat-Regular.ttf in Resources */ = {isa = PBXBuildFile; fileRef = 801D6F22245A1B8000A6AE33 /* Montserrat-Regular.ttf */; };
		801D6F25245A1B8E00A6AE33 /* Montserrat-Medium.ttf in Resources */ = {isa = PBXBuildFile; fileRef = 801D6F24245A1B8D00A6AE33 /* Montserrat-Medium.ttf */; };
/* End PBXBuildFile section */

/* Begin PBXFileReference section */
		8015AEF224578DE50046200E /* Bacon.app */ = {isa = PBXFileReference; explicitFileType = wrapper.application; includeInIndex = 0; path = Bacon.app; sourceTree = BUILT_PRODUCTS_DIR; };
		8015AEF524578DE50046200E /* AppDelegate.swift */ = {isa = PBXFileReference; lastKnownFileType = sourcecode.swift; path = AppDelegate.swift; sourceTree = "<group>"; };
		8015AEF724578DE50046200E /* SceneDelegate.swift */ = {isa = PBXFileReference; lastKnownFileType = sourcecode.swift; path = SceneDelegate.swift; sourceTree = "<group>"; };
		8015AEF924578DE50046200E /* ContentView.swift */ = {isa = PBXFileReference; lastKnownFileType = sourcecode.swift; path = ContentView.swift; sourceTree = "<group>"; };
		8015AEFB24578DE70046200E /* Assets.xcassets */ = {isa = PBXFileReference; lastKnownFileType = folder.assetcatalog; path = Assets.xcassets; sourceTree = "<group>"; };
		8015AEFE24578DE70046200E /* Preview Assets.xcassets */ = {isa = PBXFileReference; lastKnownFileType = folder.assetcatalog; path = "Preview Assets.xcassets"; sourceTree = "<group>"; };
		8015AF0124578DE70046200E /* Base */ = {isa = PBXFileReference; lastKnownFileType = file.storyboard; name = Base; path = Base.lproj/LaunchScreen.storyboard; sourceTree = "<group>"; };
		8015AF0324578DE70046200E /* Info.plist */ = {isa = PBXFileReference; lastKnownFileType = text.plist.xml; path = Info.plist; sourceTree = "<group>"; };
		801D6F22245A1B8000A6AE33 /* Montserrat-Regular.ttf */ = {isa = PBXFileReference; lastKnownFileType = file; path = "Montserrat-Regular.ttf"; sourceTree = "<group>"; };
		801D6F24245A1B8D00A6AE33 /* Montserrat-Medium.ttf */ = {isa = PBXFileReference; lastKnownFileType = file; path = "Montserrat-Medium.ttf"; sourceTree = "<group>"; };
/* End PBXFileReference section */

/* Begin PBXFrameworksBuildPhase section */
		8015AEEF24578DE40046200E /* Frameworks */ = {
			isa = PBXFrameworksBuildPhase;
			buildActionMask = 2147483647;
			files = (
			);
			runOnlyForDeploymentPostprocessing = 0;
		};
/* End PBXFrameworksBuildPhase section */

/* Begin PBXGroup section */
		8015AEE924578DE40046200E = {
			isa = PBXGroup;
			children = (
				8015AEF424578DE50046200E /* Bacon */,
				8015AEF324578DE50046200E /* Products */,
			);
			sourceTree = "<group>";
		};
		8015AEF324578DE50046200E /* Products */ = {
			isa = PBXGroup;
			children = (
				8015AEF224578DE50046200E /* Bacon.app */,
			);
			name = Products;
			sourceTree = "<group>";
		};
		8015AEF424578DE50046200E /* Bacon */ = {
			isa = PBXGroup;
			children = (
				8015AEF524578DE50046200E /* AppDelegate.swift */,
				8015AEF724578DE50046200E /* SceneDelegate.swift */,
				8015AEF924578DE50046200E /* ContentView.swift */,
				8015AEFB24578DE70046200E /* Assets.xcassets */,
				8015AF0024578DE70046200E /* LaunchScreen.storyboard */,
				8015AF0324578DE70046200E /* Info.plist */,
				801D6F26245A1B9900A6AE33 /* Fonts */,
				8015AEFD24578DE70046200E /* Preview Content */,
			);
			path = Bacon;
			sourceTree = "<group>";
		};
		8015AEFD24578DE70046200E /* Preview Content */ = {
			isa = PBXGroup;
			children = (
				8015AEFE24578DE70046200E /* Preview Assets.xcassets */,
			);
			path = "Preview Content";
			sourceTree = "<group>";
		};
		801D6F26245A1B9900A6AE33 /* Fonts */ = {
			isa = PBXGroup;
			children = (
				801D6F24245A1B8D00A6AE33 /* Montserrat-Medium.ttf */,
				801D6F22245A1B8000A6AE33 /* Montserrat-Regular.ttf */,
			);
			path = Fonts;
			sourceTree = "<group>";
		};
/* End PBXGroup section */

/* Begin PBXNativeTarget section */
		8015AEF124578DE40046200E /* Bacon */ = {
			isa = PBXNativeTarget;
			buildConfigurationList = 8015AF0624578DE70046200E /* Build configuration list for PBXNativeTarget "Bacon" */;
			buildPhases = (
				8015AEEE24578DE40046200E /* Sources */,
				8015AEEF24578DE40046200E /* Frameworks */,
				8015AEF024578DE40046200E /* Resources */,
			);
			buildRules = (
			);
			dependencies = (
			);
			name = Bacon;
			productName = Bacon;
			productReference = 8015AEF224578DE50046200E /* Bacon.app */;
			productType = "com.apple.product-type.application";
		};
/* End PBXNativeTarget section */

/* Begin PBXProject section */
		8015AEEA24578DE40046200E /* Project object */ = {
			isa = PBXProject;
			attributes = {
				LastSwiftUpdateCheck = 1140;
				LastUpgradeCheck = 1140;
				ORGANIZATIONNAME = "Sharence Solomero";
				TargetAttributes = {
					8015AEF124578DE40046200E = {
						CreatedOnToolsVersion = 11.4.1;
					};
				};
			};
			buildConfigurationList = 8015AEED24578DE40046200E /* Build configuration list for PBXProject "Bacon" */;
			compatibilityVersion = "Xcode 9.3";
			developmentRegion = en;
			hasScannedForEncodings = 0;
			knownRegions = (
				en,
				Base,
			);
			mainGroup = 8015AEE924578DE40046200E;
			productRefGroup = 8015AEF324578DE50046200E /* Products */;
			projectDirPath = "";
			projectRoot = "";
			targets = (
				8015AEF124578DE40046200E /* Bacon */,
			);
		};
/* End PBXProject section */

/* Begin PBXResourcesBuildPhase section */
		8015AEF024578DE40046200E /* Resources */ = {
			isa = PBXResourcesBuildPhase;
			buildActionMask = 2147483647;
			files = (
				801D6F23245A1B8000A6AE33 /* Montserrat-Regular.ttf in Resources */,
				801D6F25245A1B8E00A6AE33 /* Montserrat-Medium.ttf in Resources */,
				8015AF0224578DE70046200E /* LaunchScreen.storyboard in Resources */,
				8015AEFF24578DE70046200E /* Preview Assets.xcassets in Resources */,
				8015AEFC24578DE70046200E /* Assets.xcassets in Resources */,
			);
			runOnlyForDeploymentPostprocessing = 0;
		};
/* End PBXResourcesBuildPhase section */

/* Begin PBXSourcesBuildPhase section */
		8015AEEE24578DE40046200E /* Sources */ = {
			isa = PBXSourcesBuildPhase;
			buildActionMask = 2147483647;
			files = (
				8015AEF624578DE50046200E /* AppDelegate.swift in Sources */,
				8015AEF824578DE50046200E /* SceneDelegate.swift in Sources */,
				8015AEFA24578DE50046200E /* ContentView.swift in Sources */,
			);
			runOnlyForDeploymentPostprocessing = 0;
		};
/* End PBXSourcesBuildPhase section */

/* Begin PBXVariantGroup section */
		8015AF0024578DE70046200E /* LaunchScreen.storyboard */ = {
			isa = PBXVariantGroup;
			children = (
				8015AF0124578DE70046200E /* Base */,
			);
			name = LaunchScreen.storyboard;
			sourceTree = "<group>";
		};
/* End PBXVariantGroup section */

/* Begin XCBuildConfiguration section */
		8015AF0424578DE70046200E /* Debug */ = {
			isa = XCBuildConfiguration;
			buildSettings = {
				ALWAYS_SEARCH_USER_PATHS = NO;
				CLANG_ANALYZER_NONNULL = YES;
				CLANG_ANALYZER_NUMBER_OBJECT_CONVERSION = YES_AGGRESSIVE;
				CLANG_CXX_LANGUAGE_STANDARD = "gnu++14";
				CLANG_CXX_LIBRARY = "libc++";
				CLANG_ENABLE_MODULES = YES;
				CLANG_ENABLE_OBJC_ARC = YES;
				CLANG_ENABLE_OBJC_WEAK = YES;
				CLANG_WARN_BLOCK_CAPTURE_AUTORELEASING = YES;
				CLANG_WARN_BOOL_CONVERSION = YES;
				CLANG_WARN_COMMA = YES;
				CLANG_WARN_CONSTANT_CONVERSION = YES;
				CLANG_WARN_DEPRECATED_OBJC_IMPLEMENTATIONS = YES;
				CLANG_WARN_DIRECT_OBJC_ISA_USAGE = YES_ERROR;
				CLANG_WARN_DOCUMENTATION_COMMENTS = YES;
				CLANG_WARN_EMPTY_BODY = YES;
				CLANG_WARN_ENUM_CONVERSION = YES;
				CLANG_WARN_INFINITE_RECURSION = YES;
				CLANG_WARN_INT_CONVERSION = YES;
				CLANG_WARN_NON_LITERAL_NULL_CONVERSION = YES;
				CLANG_WARN_OBJC_IMPLICIT_RETAIN_SELF = YES;
				CLANG_WARN_OBJC_LITERAL_CONVERSION = YES;
				CLANG_WARN_OBJC_ROOT_CLASS = YES_ERROR;
				CLANG_WARN_RANGE_LOOP_ANALYSIS = YES;
				CLANG_WARN_STRICT_PROTOTYPES = YES;
				CLANG_WARN_SUSPICIOUS_MOVE = YES;
				CLANG_WARN_UNGUARDED_AVAILABILITY = YES_AGGRESSIVE;
				CLANG_WARN_UNREACHABLE_CODE = YES;
				CLANG_WARN__DUPLICATE_METHOD_MATCH = YES;
				COPY_PHASE_STRIP = NO;
				DEBUG_INFORMATION_FORMAT = dwarf;
				ENABLE_STRICT_OBJC_MSGSEND = YES;
				ENABLE_TESTABILITY = YES;
				GCC_C_LANGUAGE_STANDARD = gnu11;
				GCC_DYNAMIC_NO_PIC = NO;
				GCC_NO_COMMON_BLOCKS = YES;
				GCC_OPTIMIZATION_LEVEL = 0;
				GCC_PREPROCESSOR_DEFINITIONS = (
					"DEBUG=1",
					"$(inherited)",
				);
				GCC_WARN_64_TO_32_BIT_CONVERSION = YES;
				GCC_WARN_ABOUT_RETURN_TYPE = YES_ERROR;
				GCC_WARN_UNDECLARED_SELECTOR = YES;
				GCC_WARN_UNINITIALIZED_AUTOS = YES_AGGRESSIVE;
				GCC_WARN_UNUSED_FUNCTION = YES;
				GCC_WARN_UNUSED_VARIABLE = YES;
				IPHONEOS_DEPLOYMENT_TARGET = 13.4;
				MTL_ENABLE_DEBUG_INFO = INCLUDE_SOURCE;
				MTL_FAST_MATH = YES;
				ONLY_ACTIVE_ARCH = YES;
				SDKROOT = iphoneos;
				SWIFT_ACTIVE_COMPILATION_CONDITIONS = DEBUG;
				SWIFT_OPTIMIZATION_LEVEL = "-Onone";
			};
			name = Debug;
		};
		8015AF0524578DE70046200E /* Release */ = {
			isa = XCBuildConfiguration;
			buildSettings = {
				ALWAYS_SEARCH_USER_PATHS = NO;
				CLANG_ANALYZER_NONNULL = YES;
				CLANG_ANALYZER_NUMBER_OBJECT_CONVERSION = YES_AGGRESSIVE;
				CLANG_CXX_LANGUAGE_STANDARD = "gnu++14";
				CLANG_CXX_LIBRARY = "libc++";
				CLANG_ENABLE_MODULES = YES;
				CLANG_ENABLE_OBJC_ARC = YES;
				CLANG_ENABLE_OBJC_WEAK = YES;
				CLANG_WARN_BLOCK_CAPTURE_AUTORELEASING = YES;
				CLANG_WARN_BOOL_CONVERSION = YES;
				CLANG_WARN_COMMA = YES;
				CLANG_WARN_CONSTANT_CONVERSION = YES;
				CLANG_WARN_DEPRECATED_OBJC_IMPLEMENTATIONS = YES;
				CLANG_WARN_DIRECT_OBJC_ISA_USAGE = YES_ERROR;
				CLANG_WARN_DOCUMENTATION_COMMENTS = YES;
				CLANG_WARN_EMPTY_BODY = YES;
				CLANG_WARN_ENUM_CONVERSION = YES;
				CLANG_WARN_INFINITE_RECURSION = YES;
				CLANG_WARN_INT_CONVERSION = YES;
				CLANG_WARN_NON_LITERAL_NULL_CONVERSION = YES;
				CLANG_WARN_OBJC_IMPLICIT_RETAIN_SELF = YES;
				CLANG_WARN_OBJC_LITERAL_CONVERSION = YES;
				CLANG_WARN_OBJC_ROOT_CLASS = YES_ERROR;
				CLANG_WARN_RANGE_LOOP_ANALYSIS = YES;
				CLANG_WARN_STRICT_PROTOTYPES = YES;
				CLANG_WARN_SUSPICIOUS_MOVE = YES;
				CLANG_WARN_UNGUARDED_AVAILABILITY = YES_AGGRESSIVE;
				CLANG_WARN_UNREACHABLE_CODE = YES;
				CLANG_WARN__DUPLICATE_METHOD_MATCH = YES;
				COPY_PHASE_STRIP = NO;
				DEBUG_INFORMATION_FORMAT = "dwarf-with-dsym";
				ENABLE_NS_ASSERTIONS = NO;
				ENABLE_STRICT_OBJC_MSGSEND = YES;
				GCC_C_LANGUAGE_STANDARD = gnu11;
				GCC_NO_COMMON_BLOCKS = YES;
				GCC_WARN_64_TO_32_BIT_CONVERSION = YES;
				GCC_WARN_ABOUT_RETURN_TYPE = YES_ERROR;
				GCC_WARN_UNDECLARED_SELECTOR = YES;
				GCC_WARN_UNINITIALIZED_AUTOS = YES_AGGRESSIVE;
				GCC_WARN_UNUSED_FUNCTION = YES;
				GCC_WARN_UNUSED_VARIABLE = YES;
				IPHONEOS_DEPLOYMENT_TARGET = 13.4;
				MTL_ENABLE_DEBUG_INFO = NO;
				MTL_FAST_MATH = YES;
				SDKROOT = iphoneos;
				SWIFT_COMPILATION_MODE = wholemodule;
				SWIFT_OPTIMIZATION_LEVEL = "-O";
				VALIDATE_PRODUCT = YES;
			};
			name = Release;
		};
		8015AF0724578DE70046200E /* Debug */ = {
			isa = XCBuildConfiguration;
			buildSettings = {
				ASSETCATALOG_COMPILER_APPICON_NAME = AppIcon;
				CODE_SIGN_STYLE = Automatic;
				DEVELOPMENT_ASSET_PATHS = "\"Bacon/Preview Content\"";
				DEVELOPMENT_TEAM = B4T87RJRV6;
				ENABLE_PREVIEWS = YES;
				INFOPLIST_FILE = Bacon/Info.plist;
				LD_RUNPATH_SEARCH_PATHS = (
					"$(inherited)",
					"@executable_path/Frameworks",
				);
				PRODUCT_BUNDLE_IDENTIFIER = "Sharence-Solomero.Bacon";
				PRODUCT_NAME = "$(TARGET_NAME)";
				SWIFT_VERSION = 5.0;
				TARGETED_DEVICE_FAMILY = "1,2";
			};
			name = Debug;
		};
		8015AF0824578DE70046200E /* Release */ = {
			isa = XCBuildConfiguration;
			buildSettings = {
				ASSETCATALOG_COMPILER_APPICON_NAME = AppIcon;
				CODE_SIGN_STYLE = Automatic;
				DEVELOPMENT_ASSET_PATHS = "\"Bacon/Preview Content\"";
				DEVELOPMENT_TEAM = B4T87RJRV6;
				ENABLE_PREVIEWS = YES;
				INFOPLIST_FILE = Bacon/Info.plist;
				LD_RUNPATH_SEARCH_PATHS = (
					"$(inherited)",
					"@executable_path/Frameworks",
				);
				PRODUCT_BUNDLE_IDENTIFIER = "Sharence-Solomero.Bacon";
				PRODUCT_NAME = "$(TARGET_NAME)";
				SWIFT_VERSION = 5.0;
				TARGETED_DEVICE_FAMILY = "1,2";
			};
			name = Release;
		};
/* End XCBuildConfiguration section */

/* Begin XCConfigurationList section */
		8015AEED24578DE40046200E /* Build configuration list for PBXProject "Bacon" */ = {
			isa = XCConfigurationList;
			buildConfigurations = (
				8015AF0424578DE70046200E /* Debug */,
				8015AF0524578DE70046200E /* Release */,
			);
			defaultConfigurationIsVisible = 0;
			defaultConfigurationName = Release;
		};
		8015AF0624578DE70046200E /* Build configuration list for PBXNativeTarget "Bacon" */ = {
			isa = XCConfigurationList;
			buildConfigurations = (
				8015AF0724578DE70046200E /* Debug */,
				8015AF0824578DE70046200E /* Release */,
			);
			defaultConfigurationIsVisible = 0;
			defaultConfigurationName = Release;
		};
/* End XCConfigurationList section */
	};
	rootObject = 8015AEEA24578DE40046200E /* Project object */;
}
